
Microsoft Visual Studio Solution File, Format Version 12.00
# Visual Studio Version 16
VisualStudioVersion = 16.0.30503.244
MinimumVisualStudioVersion = 10.0.40219.1
Project("{9A19103F-16F7-4668-BE54-9A1E7A4F7556}") = "ePizza_JD.Models", "ePizza_JD.Models\ePizza_JD.Models.csproj", "{DD3A4F39-FBB0-4789-9F15-EC71F2FCD453}"
EndProject
Project("{9A19103F-16F7-4668-BE54-9A1E7A4F7556}") = "ePizza_JD.API", "ePizza_JD.API\ePizza_JD.API.csproj", "{C4F39A0E-4C5E-4BA4-AEAB-26D969E8ED55}"
EndProject
Project("{2150E333-8FDC-42A3-9474-1A3956D46DE8}") = "Backend", "Backend", "{D73E2531-1DC3-4BBE-B8A2-652BBE0F39E0}"
EndProject
Global
	GlobalSection(SolutionConfigurationPlatforms) = preSolution
		Debug|Any CPU = Debug|Any CPU
		Release|Any CPU = Release|Any CPU
	EndGlobalSection
	GlobalSection(ProjectConfigurationPlatforms) = postSolution
		{DD3A4F39-FBB0-4789-9F15-EC71F2FCD453}.Debug|Any CPU.ActiveCfg = Debug|Any CPU
		{DD3A4F39-FBB0-4789-9F15-EC71F2FCD453}.Debug|Any CPU.Build.0 = Debug|Any CPU
		{DD3A4F39-FBB0-4789-9F15-EC71F2FCD453}.Release|Any CPU.ActiveCfg = Release|Any CPU
		{DD3A4F39-FBB0-4789-9F15-EC71F2FCD453}.Release|Any CPU.Build.0 = Release|Any CPU
		{C4F39A0E-4C5E-4BA4-AEAB-26D969E8ED55}.Debug|Any CPU.ActiveCfg = Debug|Any CPU
		{C4F39A0E-4C5E-4BA4-AEAB-26D969E8ED55}.Debug|Any CPU.Build.0 = Debug|Any CPU
		{C4F39A0E-4C5E-4BA4-AEAB-26D969E8ED55}.Release|Any CPU.ActiveCfg = Release|Any CPU
		{C4F39A0E-4C5E-4BA4-AEAB-26D969E8ED55}.Release|Any CPU.Build.0 = Release|Any CPU
	EndGlobalSection
	GlobalSection(SolutionProperties) = preSolution
		HideSolutionNode = FALSE
	EndGlobalSection
	GlobalSection(NestedProjects) = preSolution
		{DD3A4F39-FBB0-4789-9F15-EC71F2FCD453} = {D73E2531-1DC3-4BBE-B8A2-652BBE0F39E0}
		{C4F39A0E-4C5E-4BA4-AEAB-26D969E8ED55} = {D73E2531-1DC3-4BBE-B8A2-652BBE0F39E0}
	EndGlobalSection
	GlobalSection(ExtensibilityGlobals) = postSolution
		SolutionGuid = {C37EE34A-02E2-439A-BCBD-3FE0787EA7CD}
	EndGlobalSection
EndGlobal
