
Microsoft Visual Studio Solution File, Format Version 12.00
# Visual Studio Version 16
VisualStudioVersion = 16.0.30503.244
MinimumVisualStudioVersion = 10.0.40219.1
Project("{9A19103F-16F7-4668-BE54-9A1E7A4F7556}") = "PizzaServices", "PizzaServices\PizzaServices.csproj", "{C4F39A0E-4C5E-4BA4-AEAB-26D969E8ED55}"
EndProject
Project("{2150E333-8FDC-42A3-9474-1A3956D46DE8}") = "Backend", "Backend", "{D73E2531-1DC3-4BBE-B8A2-652BBE0F39E0}"
EndProject
Project("{9A19103F-16F7-4668-BE54-9A1E7A4F7556}") = "RestaurantServices", "RestaurantServices\RestaurantServices.csproj", "{69413A41-604E-4A2F-A39A-E9C05F19C954}"
EndProject
Project("{E53339B2-1760-4266-BCC7-CA923CBCF16C}") = "docker-compose", "docker-compose.dcproj", "{C6804C3C-81A3-46E0-9E9B-6C52A00ED39B}"
EndProject
Project("{9A19103F-16F7-4668-BE54-9A1E7A4F7556}") = "APIGateway", "APIGateway\APIGateway.csproj", "{907D65C6-F398-4155-8889-2B4BB869AB6D}"
EndProject
Project("{9A19103F-16F7-4668-BE54-9A1E7A4F7556}") = "CartServices", "CartServices\CartServices.csproj", "{BB5C32B2-7D9B-4881-AFF6-8A0FC6EFEC63}"
EndProject
Project("{9A19103F-16F7-4668-BE54-9A1E7A4F7556}") = "IdentityServices", "IdentityServices\IdentityServices.csproj", "{B320BB05-8918-488D-9CF6-E91558062F6A}"
EndProject
Global
	GlobalSection(SolutionConfigurationPlatforms) = preSolution
		Debug|Any CPU = Debug|Any CPU
		Release|Any CPU = Release|Any CPU
	EndGlobalSection
	GlobalSection(ProjectConfigurationPlatforms) = postSolution
		{C4F39A0E-4C5E-4BA4-AEAB-26D969E8ED55}.Debug|Any CPU.ActiveCfg = Debug|Any CPU
		{C4F39A0E-4C5E-4BA4-AEAB-26D969E8ED55}.Debug|Any CPU.Build.0 = Debug|Any CPU
		{C4F39A0E-4C5E-4BA4-AEAB-26D969E8ED55}.Release|Any CPU.ActiveCfg = Release|Any CPU
		{C4F39A0E-4C5E-4BA4-AEAB-26D969E8ED55}.Release|Any CPU.Build.0 = Release|Any CPU
		{69413A41-604E-4A2F-A39A-E9C05F19C954}.Debug|Any CPU.ActiveCfg = Debug|Any CPU
		{69413A41-604E-4A2F-A39A-E9C05F19C954}.Debug|Any CPU.Build.0 = Debug|Any CPU
		{69413A41-604E-4A2F-A39A-E9C05F19C954}.Release|Any CPU.ActiveCfg = Release|Any CPU
		{69413A41-604E-4A2F-A39A-E9C05F19C954}.Release|Any CPU.Build.0 = Release|Any CPU
		{C6804C3C-81A3-46E0-9E9B-6C52A00ED39B}.Debug|Any CPU.ActiveCfg = Debug|Any CPU
		{C6804C3C-81A3-46E0-9E9B-6C52A00ED39B}.Debug|Any CPU.Build.0 = Debug|Any CPU
		{C6804C3C-81A3-46E0-9E9B-6C52A00ED39B}.Release|Any CPU.ActiveCfg = Release|Any CPU
		{C6804C3C-81A3-46E0-9E9B-6C52A00ED39B}.Release|Any CPU.Build.0 = Release|Any CPU
		{907D65C6-F398-4155-8889-2B4BB869AB6D}.Debug|Any CPU.ActiveCfg = Debug|Any CPU
		{907D65C6-F398-4155-8889-2B4BB869AB6D}.Debug|Any CPU.Build.0 = Debug|Any CPU
		{907D65C6-F398-4155-8889-2B4BB869AB6D}.Release|Any CPU.ActiveCfg = Release|Any CPU
		{907D65C6-F398-4155-8889-2B4BB869AB6D}.Release|Any CPU.Build.0 = Release|Any CPU
		{BB5C32B2-7D9B-4881-AFF6-8A0FC6EFEC63}.Debug|Any CPU.ActiveCfg = Debug|Any CPU
		{BB5C32B2-7D9B-4881-AFF6-8A0FC6EFEC63}.Debug|Any CPU.Build.0 = Debug|Any CPU
		{BB5C32B2-7D9B-4881-AFF6-8A0FC6EFEC63}.Release|Any CPU.ActiveCfg = Release|Any CPU
		{BB5C32B2-7D9B-4881-AFF6-8A0FC6EFEC63}.Release|Any CPU.Build.0 = Release|Any CPU
		{B320BB05-8918-488D-9CF6-E91558062F6A}.Debug|Any CPU.ActiveCfg = Debug|Any CPU
		{B320BB05-8918-488D-9CF6-E91558062F6A}.Debug|Any CPU.Build.0 = Debug|Any CPU
		{B320BB05-8918-488D-9CF6-E91558062F6A}.Release|Any CPU.ActiveCfg = Release|Any CPU
		{B320BB05-8918-488D-9CF6-E91558062F6A}.Release|Any CPU.Build.0 = Release|Any CPU
	EndGlobalSection
	GlobalSection(SolutionProperties) = preSolution
		HideSolutionNode = FALSE
	EndGlobalSection
	GlobalSection(NestedProjects) = preSolution
		{C4F39A0E-4C5E-4BA4-AEAB-26D969E8ED55} = {D73E2531-1DC3-4BBE-B8A2-652BBE0F39E0}
		{69413A41-604E-4A2F-A39A-E9C05F19C954} = {D73E2531-1DC3-4BBE-B8A2-652BBE0F39E0}
		{C6804C3C-81A3-46E0-9E9B-6C52A00ED39B} = {D73E2531-1DC3-4BBE-B8A2-652BBE0F39E0}
		{907D65C6-F398-4155-8889-2B4BB869AB6D} = {D73E2531-1DC3-4BBE-B8A2-652BBE0F39E0}
		{BB5C32B2-7D9B-4881-AFF6-8A0FC6EFEC63} = {D73E2531-1DC3-4BBE-B8A2-652BBE0F39E0}
		{B320BB05-8918-488D-9CF6-E91558062F6A} = {D73E2531-1DC3-4BBE-B8A2-652BBE0F39E0}
	EndGlobalSection
	GlobalSection(ExtensibilityGlobals) = postSolution
		SolutionGuid = {C37EE34A-02E2-439A-BCBD-3FE0787EA7CD}
	EndGlobalSection
EndGlobal
