
Microsoft Visual Studio Solution File, Format Version 12.00
# Visual Studio Version 16
VisualStudioVersion = 16.0.30503.244
MinimumVisualStudioVersion = 10.0.40219.1
Project("{9A19103F-16F7-4668-BE54-9A1E7A4F7556}") = "PizzaServices", "ePizza_JD.API\PizzaServices.csproj", "{C4F39A0E-4C5E-4BA4-AEAB-26D969E8ED55}"
EndProject
Project("{2150E333-8FDC-42A3-9474-1A3956D46DE8}") = "Backend", "Backend", "{D73E2531-1DC3-4BBE-B8A2-652BBE0F39E0}"
EndProject
Project("{9A19103F-16F7-4668-BE54-9A1E7A4F7556}") = "RestaurantServices", "RestaurantServices\RestaurantServices.csproj", "{69413A41-604E-4A2F-A39A-E9C05F19C954}"
EndProject
Project("{9A19103F-16F7-4668-BE54-9A1E7A4F7556}") = "OrderServices", "OrderServices\OrderServices.csproj", "{6E67F6AF-0CD1-4284-A779-4BCA9C559D87}"
EndProject
Project("{E53339B2-1760-4266-BCC7-CA923CBCF16C}") = "docker-compose", "docker-compose.dcproj", "{C6804C3C-81A3-46E0-9E9B-6C52A00ED39B}"
EndProject
Global
	GlobalSection(SolutionConfigurationPlatforms) = preSolution
		Debug|Any CPU = Debug|Any CPU
		Release|Any CPU = Release|Any CPU
	EndGlobalSection
	GlobalSection(ProjectConfigurationPlatforms) = postSolution
		{C4F39A0E-4C5E-4BA4-AEAB-26D969E8ED55}.Debug|Any CPU.ActiveCfg = Debug|Any CPU
		{C4F39A0E-4C5E-4BA4-AEAB-26D969E8ED55}.Debug|Any CPU.Build.0 = Debug|Any CPU
		{C4F39A0E-4C5E-4BA4-AEAB-26D969E8ED55}.Release|Any CPU.ActiveCfg = Release|Any CPU
		{C4F39A0E-4C5E-4BA4-AEAB-26D969E8ED55}.Release|Any CPU.Build.0 = Release|Any CPU
		{69413A41-604E-4A2F-A39A-E9C05F19C954}.Debug|Any CPU.ActiveCfg = Debug|Any CPU
		{69413A41-604E-4A2F-A39A-E9C05F19C954}.Debug|Any CPU.Build.0 = Debug|Any CPU
		{69413A41-604E-4A2F-A39A-E9C05F19C954}.Release|Any CPU.ActiveCfg = Release|Any CPU
		{69413A41-604E-4A2F-A39A-E9C05F19C954}.Release|Any CPU.Build.0 = Release|Any CPU
		{6E67F6AF-0CD1-4284-A779-4BCA9C559D87}.Debug|Any CPU.ActiveCfg = Debug|Any CPU
		{6E67F6AF-0CD1-4284-A779-4BCA9C559D87}.Debug|Any CPU.Build.0 = Debug|Any CPU
		{6E67F6AF-0CD1-4284-A779-4BCA9C559D87}.Release|Any CPU.ActiveCfg = Release|Any CPU
		{6E67F6AF-0CD1-4284-A779-4BCA9C559D87}.Release|Any CPU.Build.0 = Release|Any CPU
		{C6804C3C-81A3-46E0-9E9B-6C52A00ED39B}.Debug|Any CPU.ActiveCfg = Debug|Any CPU
		{C6804C3C-81A3-46E0-9E9B-6C52A00ED39B}.Debug|Any CPU.Build.0 = Debug|Any CPU
		{C6804C3C-81A3-46E0-9E9B-6C52A00ED39B}.Release|Any CPU.ActiveCfg = Release|Any CPU
		{C6804C3C-81A3-46E0-9E9B-6C52A00ED39B}.Release|Any CPU.Build.0 = Release|Any CPU
	EndGlobalSection
	GlobalSection(SolutionProperties) = preSolution
		HideSolutionNode = FALSE
	EndGlobalSection
	GlobalSection(NestedProjects) = preSolution
		{C4F39A0E-4C5E-4BA4-AEAB-26D969E8ED55} = {D73E2531-1DC3-4BBE-B8A2-652BBE0F39E0}
		{69413A41-604E-4A2F-A39A-E9C05F19C954} = {D73E2531-1DC3-4BBE-B8A2-652BBE0F39E0}
		{6E67F6AF-0CD1-4284-A779-4BCA9C559D87} = {D73E2531-1DC3-4BBE-B8A2-652BBE0F39E0}
		{C6804C3C-81A3-46E0-9E9B-6C52A00ED39B} = {D73E2531-1DC3-4BBE-B8A2-652BBE0F39E0}
	EndGlobalSection
	GlobalSection(ExtensibilityGlobals) = postSolution
		SolutionGuid = {C37EE34A-02E2-439A-BCBD-3FE0787EA7CD}
	EndGlobalSection
EndGlobal
